{
  "name": "nodejs",
  "version": "1.0.0",
  "lockfileVersion": 2,
  "requires": true,
  "packages": {
    "": {
      "name": "nodejs",
      "version": "1.0.0",
      "license": "ISC",
      "dependencies": {
        "moment": "^2.29.4",
        "momnet": "^2.29.1"
      }
    },
    "node_modules/moment": {
      "version": "2.29.4",
      "resolved": "https://registry.npmjs.org/moment/-/moment-2.29.4.tgz",
      "integrity": "sha512-5LC9SOxjSc2HF6vO2CyuTDNivEdoz2IvyJJGj6X8DJ0eFyfszE0QiEd+iXmBvUP3WHxSjFH/vIsA0EN00cgr8w==",
      "engines": {
        "node": "*"
      }
    },
    "node_modules/momnet": {
      "version": "2.29.1",
      "resolved": "https://registry.npmjs.org/momnet/-/momnet-2.29.1.tgz",
      "integrity": "sha512-V+t7Caf5gYIhxMrFKhj0JQrOWFXrhzpv/SiZGKXDTGwZo485ysUx7sQ4f/2nO3YF6q0vEfQM/+wBnSHynxo5tQ==",
      "engines": {
        "node": "*"
      }
    }
  },
  "dependencies": {
    "moment": {
      "version": "2.29.4",
      "resolved": "https://registry.npmjs.org/moment/-/moment-2.29.4.tgz",
      "integrity": "sha512-5LC9SOxjSc2HF6vO2CyuTDNivEdoz2IvyJJGj6X8DJ0eFyfszE0QiEd+iXmBvUP3WHxSjFH/vIsA0EN00cgr8w=="
    },
    "momnet": {
      "version": "2.29.1",
      "resolved": "https://registry.npmjs.org/momnet/-/momnet-2.29.1.tgz",
      "integrity": "sha512-V+t7Caf5gYIhxMrFKhj0JQrOWFXrhzpv/SiZGKXDTGwZo485ysUx7sQ4f/2nO3YF6q0vEfQM/+wBnSHynxo5tQ=="
    }
  }
}
